# env.lock -- WP0, master_report §2.4 rule 1.
# Resolved 2026-09-20 on: Ubuntu, Ryzen 9 9950X3D, RTX 5090 D 32 GB, driver 595.84.
# DO NOT `git pull` on develop in either tree. Re-resolve only with a ledger entry.
#
# This project runs in TWO interpreters. See ledger entry two_interpreters:
# cuRobo cannot currently be imported alongside Isaac Lab.

[isaac]                       # ~/Codes/CAIRSS/Issac/bin/python
python        = 3.12.3
isaacsim      = 6.0.0.1
isaaclab      = 6.1.11        # metapackage; source tree tag v3.0.0-beta2
isaaclab_tree = /home/bakasakib/Codes/CAIRSS/IsaacLab/IsaacLab
isaaclab_sha  = 28a37cecdd433c22d9eabd6a5954add9f13a8951
isaaclab_newton = 0.13.6
isaaclab_physx  = 1.1.3
newton        = 1.2.1
mujoco_warp   = 3.8.0.3
warp          = 1.13.0
torch         = 2.10.0+cu128
numpy         = 2.5.2
rsl_rl        = 5.0.1
skrl          = 2.1.0
curobo        = ABSENT        # blocks D5 in-process; see ledger

[curobo]                      # ~/Documents/ISDN_Robofab/isdnenv/bin/python
python        = 3.11.16
curobo        = 0.8.0.post1.dev43
curobo_tree   = /home/bakasakib/Documents/ISDN_Robofab/curobo
curobo_sha    = 78fd485fa82d9b9a063fb4985e371814587e666a   # v0.8.0-43-g78fd485
torch         = 2.14.0+cu130
warp          = 1.17.0
numpy         = 2.4.6
viser         = 1.1.0
trimesh       = 4.12.2
yourdfpy      = 0.0.60

[benchmark]                   # scripts/00_env_check.py, 2-brick scene, 4 substeps
newton_env_steps_per_s_1      = 223
newton_env_steps_per_s_512    = 105351
newton_env_steps_per_s_2048   = 363406
newton_solver                 = SolverMuJoCo
# VRAM deltas from nvidia-smi were ~0 MB at every env count -- the allocator
# pools, so treat those numbers as unmeasured, not as "free".
